
Microsoft Visual Studio Solution File, Format Version 12.00
# Visual Studio 2012
Project("{8BC9CEB8-8B4A-11D0-8D11-00A0C91BC942}") = "Matrix Calculator", "Matrix Calculator\Matrix Calculator.vcxproj", "{F62BEC39-6BD8-49E2-87AD-1A4F4EEC174B}"
EndProject
Global
	GlobalSection(SolutionConfigurationPlatforms) = preSolution
		Debug|Win32 = Debug|Win32
		Release|Win32 = Release|Win32
	EndGlobalSection
	GlobalSection(ProjectConfigurationPlatforms) = postSolution
		{F62BEC39-6BD8-49E2-87AD-1A4F4EEC174B}.Debug|Win32.ActiveCfg = Debug|Win32
		{F62BEC39-6BD8-49E2-87AD-1A4F4EEC174B}.Debug|Win32.Build.0 = Debug|Win32
		{F62BEC39-6BD8-49E2-87AD-1A4F4EEC174B}.Release|Win32.ActiveCfg = Release|Win32
		{F62BEC39-6BD8-49E2-87AD-1A4F4EEC174B}.Release|Win32.Build.0 = Release|Win32
	EndGlobalSection
	GlobalSection(SolutionProperties) = preSolution
		HideSolutionNode = FALSE
	EndGlobalSection
EndGlobal
